Microsoft Visual Studio Solution File, Format Version 11.00
# Visual Studio 2008

Project("{1436185F-7342-E021-0BE8-6E7E17963250}") = "Reactor", "Assembly-CSharp-firstpass.csproj", "{F2C2B641-ECE9-A7C9-07E7-7EF20CD4090B}"
EndProject
Project("{1436185F-7342-E021-0BE8-6E7E17963250}") = "Reactor", "Assembly-UnityScript-firstpass.unityproj", "{184E2A04-C2F3-FA5C-CD15-B0E4B336321B}"
EndProject
Project("{1436185F-7342-E021-0BE8-6E7E17963250}") = "Reactor", "Assembly-UnityScript.unityproj", "{84FF01FD-A2D8-2CF9-7A04-FCA626A505C2}"
EndProject
Global
	GlobalSection(SolutionConfigurationPlatforms) = preSolution
		Debug|Any CPU = Debug|Any CPU
		Release|Any CPU = Release|Any CPU
	EndGlobalSection
	GlobalSection(ProjectConfigurationPlatforms) = postSolution
		{F2C2B641-ECE9-A7C9-07E7-7EF20CD4090B}.Debug|Any CPU.ActiveCfg = Debug|Any CPU
		{F2C2B641-ECE9-A7C9-07E7-7EF20CD4090B}.Debug|Any CPU.Build.0 = Debug|Any CPU
		{F2C2B641-ECE9-A7C9-07E7-7EF20CD4090B}.Release|Any CPU.ActiveCfg = Release|Any CPU
		{F2C2B641-ECE9-A7C9-07E7-7EF20CD4090B}.Release|Any CPU.Build.0 = Release|Any CPU
		{184E2A04-C2F3-FA5C-CD15-B0E4B336321B}.Debug|Any CPU.ActiveCfg = Debug|Any CPU
		{184E2A04-C2F3-FA5C-CD15-B0E4B336321B}.Debug|Any CPU.Build.0 = Debug|Any CPU
		{184E2A04-C2F3-FA5C-CD15-B0E4B336321B}.Release|Any CPU.ActiveCfg = Release|Any CPU
		{184E2A04-C2F3-FA5C-CD15-B0E4B336321B}.Release|Any CPU.Build.0 = Release|Any CPU
		{84FF01FD-A2D8-2CF9-7A04-FCA626A505C2}.Debug|Any CPU.ActiveCfg = Debug|Any CPU
		{84FF01FD-A2D8-2CF9-7A04-FCA626A505C2}.Debug|Any CPU.Build.0 = Debug|Any CPU
		{84FF01FD-A2D8-2CF9-7A04-FCA626A505C2}.Release|Any CPU.ActiveCfg = Release|Any CPU
		{84FF01FD-A2D8-2CF9-7A04-FCA626A505C2}.Release|Any CPU.Build.0 = Release|Any CPU
	EndGlobalSection
	GlobalSection(SolutionProperties) = preSolution
		HideSolutionNode = FALSE
	EndGlobalSection
																																																		GlobalSection(MonoDevelopProperties) = preSolution
		StartupItem = Assembly-CSharp.csproj
		Policies = $0
		$0.TextStylePolicy = $1
		$1.inheritsSet = null
		$1.scope = text/x-csharp
		$0.CSharpFormattingPolicy = $2
		$2.inheritsSet = Mono
		$2.inheritsScope = text/x-csharp
		$2.scope = text/x-csharp
		$0.TextStylePolicy = $3
		$3.FileWidth = 120
		$3.TabWidth = 4
		$3.EolMarker = Unix
		$3.inheritsSet = Mono
		$3.inheritsScope = text/plain
		$3.scope = text/plain
	EndGlobalSection

EndGlobal
